
Microsoft Visual Studio Solution File, Format Version 12.00
# Visual Studio Version 16
VisualStudioVersion = 16.0.31624.102
MinimumVisualStudioVersion = 10.0.40219.1
Project("{8BC9CEB8-8B4A-11D0-8D11-00A0C91BC942}") = "Laba4--task1", "Laba4--task1\Laba4--task1.vcxproj", "{068FEB95-195C-4784-ADF9-E5F6DE90ADE9}"
EndProject
Project("{8BC9CEB8-8B4A-11D0-8D11-00A0C91BC942}") = "Laba4--task2", "Laba4--task2\Laba4--task2.vcxproj", "{3EA678E6-E614-4537-801A-B699E8375CCA}"
EndProject
Project("{8BC9CEB8-8B4A-11D0-8D11-00A0C91BC942}") = "Laba4--task3", "Laba4--task3\Laba4--task3.vcxproj", "{34EEFD2A-F621-4391-9256-E483EFC3532B}"
EndProject
Project("{8BC9CEB8-8B4A-11D0-8D11-00A0C91BC942}") = "Laba4--task4", "Laba4--task4\Laba4--task4.vcxproj", "{9EF3E131-668A-4E95-AD64-9872343B0F28}"
EndProject
Project("{8BC9CEB8-8B4A-11D0-8D11-00A0C91BC942}") = "Laba4--task5", "Laba4--task5\Laba4--task5.vcxproj", "{215909A2-6D5A-4128-ABDA-6002DD0AB91A}"
EndProject
Project("{8BC9CEB8-8B4A-11D0-8D11-00A0C91BC942}") = "Laba4--task6", "Laba4--task6\Laba4--task6.vcxproj", "{2E1655D4-5913-4BC5-B070-9E8BBCA72F6A}"
EndProject
Project("{8BC9CEB8-8B4A-11D0-8D11-00A0C91BC942}") = "Laba4--task7", "Laba4--task7\Laba4--task7.vcxproj", "{450804AD-DEE5-4F69-8E18-2864F28D28C0}"
EndProject
Project("{8BC9CEB8-8B4A-11D0-8D11-00A0C91BC942}") = "Laba4--task8", "Laba4--task8\Laba4--task8.vcxproj", "{233F2325-93FB-426C-807C-D7FBD24283B3}"
EndProject
Project("{8BC9CEB8-8B4A-11D0-8D11-00A0C91BC942}") = "Laba4--task9", "Laba4--task9\Laba4--task9.vcxproj", "{13201775-1030-42F4-9424-9B25AF231A8A}"
EndProject
Project("{8BC9CEB8-8B4A-11D0-8D11-00A0C91BC942}") = "Laba4--task10", "Laba4--task10\Laba4--task10.vcxproj", "{B7FC2684-7F20-41AE-94FB-60674789ACAD}"
EndProject
Project("{8BC9CEB8-8B4A-11D0-8D11-00A0C91BC942}") = "Laba4--task11", "Laba4--task11\Laba4--task11.vcxproj", "{21F776EB-807F-4599-B1DF-2804BF03F5BD}"
EndProject
Project("{8BC9CEB8-8B4A-11D0-8D11-00A0C91BC942}") = "Laba4--task12", "Laba4--task12\Laba4--task12.vcxproj", "{29823E1E-264F-4516-BD13-1FEAD804719B}"
EndProject
Project("{8BC9CEB8-8B4A-11D0-8D11-00A0C91BC942}") = "Laba4--task13", "Laba4--task13\Laba4--task13.vcxproj", "{E5E2BD79-1C18-4FA3-8DF7-75351CC013B0}"
EndProject
Project("{8BC9CEB8-8B4A-11D0-8D11-00A0C91BC942}") = "Laba4--task14", "Laba4--task14\Laba4--task14.vcxproj", "{1FFDB798-E8C9-4828-8842-B6D3AD95B7EC}"
EndProject
Project("{8BC9CEB8-8B4A-11D0-8D11-00A0C91BC942}") = "Laba4--task15", "Laba4--task15\Laba4--task15.vcxproj", "{D8B72D7F-F2B2-4DA8-9562-BD5B3EA7F20C}"
EndProject
Global
	GlobalSection(SolutionConfigurationPlatforms) = preSolution
		Debug|x64 = Debug|x64
		Debug|x86 = Debug|x86
		Release|x64 = Release|x64
		Release|x86 = Release|x86
	EndGlobalSection
	GlobalSection(ProjectConfigurationPlatforms) = postSolution
		{068FEB95-195C-4784-ADF9-E5F6DE90ADE9}.Debug|x64.ActiveCfg = Debug|x64
		{068FEB95-195C-4784-ADF9-E5F6DE90ADE9}.Debug|x64.Build.0 = Debug|x64
		{068FEB95-195C-4784-ADF9-E5F6DE90ADE9}.Debug|x86.ActiveCfg = Debug|Win32
		{068FEB95-195C-4784-ADF9-E5F6DE90ADE9}.Debug|x86.Build.0 = Debug|Win32
		{068FEB95-195C-4784-ADF9-E5F6DE90ADE9}.Release|x64.ActiveCfg = Release|x64
		{068FEB95-195C-4784-ADF9-E5F6DE90ADE9}.Release|x64.Build.0 = Release|x64
		{068FEB95-195C-4784-ADF9-E5F6DE90ADE9}.Release|x86.ActiveCfg = Release|Win32
		{068FEB95-195C-4784-ADF9-E5F6DE90ADE9}.Release|x86.Build.0 = Release|Win32
		{3EA678E6-E614-4537-801A-B699E8375CCA}.Debug|x64.ActiveCfg = Debug|x64
		{3EA678E6-E614-4537-801A-B699E8375CCA}.Debug|x64.Build.0 = Debug|x64
		{3EA678E6-E614-4537-801A-B699E8375CCA}.Debug|x86.ActiveCfg = Debug|Win32
		{3EA678E6-E614-4537-801A-B699E8375CCA}.Debug|x86.Build.0 = Debug|Win32
		{3EA678E6-E614-4537-801A-B699E8375CCA}.Release|x64.ActiveCfg = Release|x64
		{3EA678E6-E614-4537-801A-B699E8375CCA}.Release|x64.Build.0 = Release|x64
		{3EA678E6-E614-4537-801A-B699E8375CCA}.Release|x86.ActiveCfg = Release|Win32
		{3EA678E6-E614-4537-801A-B699E8375CCA}.Release|x86.Build.0 = Release|Win32
		{34EEFD2A-F621-4391-9256-E483EFC3532B}.Debug|x64.ActiveCfg = Debug|x64
		{34EEFD2A-F621-4391-9256-E483EFC3532B}.Debug|x64.Build.0 = Debug|x64
		{34EEFD2A-F621-4391-9256-E483EFC3532B}.Debug|x86.ActiveCfg = Debug|Win32
		{34EEFD2A-F621-4391-9256-E483EFC3532B}.Debug|x86.Build.0 = Debug|Win32
		{34EEFD2A-F621-4391-9256-E483EFC3532B}.Release|x64.ActiveCfg = Release|x64
		{34EEFD2A-F621-4391-9256-E483EFC3532B}.Release|x64.Build.0 = Release|x64
		{34EEFD2A-F621-4391-9256-E483EFC3532B}.Release|x86.ActiveCfg = Release|Win32
		{34EEFD2A-F621-4391-9256-E483EFC3532B}.Release|x86.Build.0 = Release|Win32
		{9EF3E131-668A-4E95-AD64-9872343B0F28}.Debug|x64.ActiveCfg = Debug|x64
		{9EF3E131-668A-4E95-AD64-9872343B0F28}.Debug|x64.Build.0 = Debug|x64
		{9EF3E131-668A-4E95-AD64-9872343B0F28}.Debug|x86.ActiveCfg = Debug|Win32
		{9EF3E131-668A-4E95-AD64-9872343B0F28}.Debug|x86.Build.0 = Debug|Win32
		{9EF3E131-668A-4E95-AD64-9872343B0F28}.Release|x64.ActiveCfg = Release|x64
		{9EF3E131-668A-4E95-AD64-9872343B0F28}.Release|x64.Build.0 = Release|x64
		{9EF3E131-668A-4E95-AD64-9872343B0F28}.Release|x86.ActiveCfg = Release|Win32
		{9EF3E131-668A-4E95-AD64-9872343B0F28}.Release|x86.Build.0 = Release|Win32
		{215909A2-6D5A-4128-ABDA-6002DD0AB91A}.Debug|x64.ActiveCfg = Debug|x64
		{215909A2-6D5A-4128-ABDA-6002DD0AB91A}.Debug|x64.Build.0 = Debug|x64
		{215909A2-6D5A-4128-ABDA-6002DD0AB91A}.Debug|x86.ActiveCfg = Debug|Win32
		{215909A2-6D5A-4128-ABDA-6002DD0AB91A}.Debug|x86.Build.0 = Debug|Win32
		{215909A2-6D5A-4128-ABDA-6002DD0AB91A}.Release|x64.ActiveCfg = Release|x64
		{215909A2-6D5A-4128-ABDA-6002DD0AB91A}.Release|x64.Build.0 = Release|x64
		{215909A2-6D5A-4128-ABDA-6002DD0AB91A}.Release|x86.ActiveCfg = Release|Win32
		{215909A2-6D5A-4128-ABDA-6002DD0AB91A}.Release|x86.Build.0 = Release|Win32
		{2E1655D4-5913-4BC5-B070-9E8BBCA72F6A}.Debug|x64.ActiveCfg = Debug|x64
		{2E1655D4-5913-4BC5-B070-9E8BBCA72F6A}.Debug|x64.Build.0 = Debug|x64
		{2E1655D4-5913-4BC5-B070-9E8BBCA72F6A}.Debug|x86.ActiveCfg = Debug|Win32
		{2E1655D4-5913-4BC5-B070-9E8BBCA72F6A}.Debug|x86.Build.0 = Debug|Win32
		{2E1655D4-5913-4BC5-B070-9E8BBCA72F6A}.Release|x64.ActiveCfg = Release|x64
		{2E1655D4-5913-4BC5-B070-9E8BBCA72F6A}.Release|x64.Build.0 = Release|x64
		{2E1655D4-5913-4BC5-B070-9E8BBCA72F6A}.Release|x86.ActiveCfg = Release|Win32
		{2E1655D4-5913-4BC5-B070-9E8BBCA72F6A}.Release|x86.Build.0 = Release|Win32
		{450804AD-DEE5-4F69-8E18-2864F28D28C0}.Debug|x64.ActiveCfg = Debug|x64
		{450804AD-DEE5-4F69-8E18-2864F28D28C0}.Debug|x64.Build.0 = Debug|x64
		{450804AD-DEE5-4F69-8E18-2864F28D28C0}.Debug|x86.ActiveCfg = Debug|Win32
		{450804AD-DEE5-4F69-8E18-2864F28D28C0}.Debug|x86.Build.0 = Debug|Win32
		{450804AD-DEE5-4F69-8E18-2864F28D28C0}.Release|x64.ActiveCfg = Release|x64
		{450804AD-DEE5-4F69-8E18-2864F28D28C0}.Release|x64.Build.0 = Release|x64
		{450804AD-DEE5-4F69-8E18-2864F28D28C0}.Release|x86.ActiveCfg = Release|Win32
		{450804AD-DEE5-4F69-8E18-2864F28D28C0}.Release|x86.Build.0 = Release|Win32
		{233F2325-93FB-426C-807C-D7FBD24283B3}.Debug|x64.ActiveCfg = Debug|x64
		{233F2325-93FB-426C-807C-D7FBD24283B3}.Debug|x64.Build.0 = Debug|x64
		{233F2325-93FB-426C-807C-D7FBD24283B3}.Debug|x86.ActiveCfg = Debug|Win32
		{233F2325-93FB-426C-807C-D7FBD24283B3}.Debug|x86.Build.0 = Debug|Win32
		{233F2325-93FB-426C-807C-D7FBD24283B3}.Release|x64.ActiveCfg = Release|x64
		{233F2325-93FB-426C-807C-D7FBD24283B3}.Release|x64.Build.0 = Release|x64
		{233F2325-93FB-426C-807C-D7FBD24283B3}.Release|x86.ActiveCfg = Release|Win32
		{233F2325-93FB-426C-807C-D7FBD24283B3}.Release|x86.Build.0 = Release|Win32
		{13201775-1030-42F4-9424-9B25AF231A8A}.Debug|x64.ActiveCfg = Debug|x64
		{13201775-1030-42F4-9424-9B25AF231A8A}.Debug|x64.Build.0 = Debug|x64
		{13201775-1030-42F4-9424-9B25AF231A8A}.Debug|x86.ActiveCfg = Debug|Win32
		{13201775-1030-42F4-9424-9B25AF231A8A}.Debug|x86.Build.0 = Debug|Win32
		{13201775-1030-42F4-9424-9B25AF231A8A}.Release|x64.ActiveCfg = Release|x64
		{13201775-1030-42F4-9424-9B25AF231A8A}.Release|x64.Build.0 = Release|x64
		{13201775-1030-42F4-9424-9B25AF231A8A}.Release|x86.ActiveCfg = Release|Win32
		{13201775-1030-42F4-9424-9B25AF231A8A}.Release|x86.Build.0 = Release|Win32
		{B7FC2684-7F20-41AE-94FB-60674789ACAD}.Debug|x64.ActiveCfg = Debug|x64
		{B7FC2684-7F20-41AE-94FB-60674789ACAD}.Debug|x64.Build.0 = Debug|x64
		{B7FC2684-7F20-41AE-94FB-60674789ACAD}.Debug|x86.ActiveCfg = Debug|Win32
		{B7FC2684-7F20-41AE-94FB-60674789ACAD}.Debug|x86.Build.0 = Debug|Win32
		{B7FC2684-7F20-41AE-94FB-60674789ACAD}.Release|x64.ActiveCfg = Release|x64
		{B7FC2684-7F20-41AE-94FB-60674789ACAD}.Release|x64.Build.0 = Release|x64
		{B7FC2684-7F20-41AE-94FB-60674789ACAD}.Release|x86.ActiveCfg = Release|Win32
		{B7FC2684-7F20-41AE-94FB-60674789ACAD}.Release|x86.Build.0 = Release|Win32
		{21F776EB-807F-4599-B1DF-2804BF03F5BD}.Debug|x64.ActiveCfg = Debug|x64
		{21F776EB-807F-4599-B1DF-2804BF03F5BD}.Debug|x64.Build.0 = Debug|x64
		{21F776EB-807F-4599-B1DF-2804BF03F5BD}.Debug|x86.ActiveCfg = Debug|Win32
		{21F776EB-807F-4599-B1DF-2804BF03F5BD}.Debug|x86.Build.0 = Debug|Win32
		{21F776EB-807F-4599-B1DF-2804BF03F5BD}.Release|x64.ActiveCfg = Release|x64
		{21F776EB-807F-4599-B1DF-2804BF03F5BD}.Release|x64.Build.0 = Release|x64
		{21F776EB-807F-4599-B1DF-2804BF03F5BD}.Release|x86.ActiveCfg = Release|Win32
		{21F776EB-807F-4599-B1DF-2804BF03F5BD}.Release|x86.Build.0 = Release|Win32
		{29823E1E-264F-4516-BD13-1FEAD804719B}.Debug|x64.ActiveCfg = Debug|x64
		{29823E1E-264F-4516-BD13-1FEAD804719B}.Debug|x64.Build.0 = Debug|x64
		{29823E1E-264F-4516-BD13-1FEAD804719B}.Debug|x86.ActiveCfg = Debug|Win32
		{29823E1E-264F-4516-BD13-1FEAD804719B}.Debug|x86.Build.0 = Debug|Win32
		{29823E1E-264F-4516-BD13-1FEAD804719B}.Release|x64.ActiveCfg = Release|x64
		{29823E1E-264F-4516-BD13-1FEAD804719B}.Release|x64.Build.0 = Release|x64
		{29823E1E-264F-4516-BD13-1FEAD804719B}.Release|x86.ActiveCfg = Release|Win32
		{29823E1E-264F-4516-BD13-1FEAD804719B}.Release|x86.Build.0 = Release|Win32
		{E5E2BD79-1C18-4FA3-8DF7-75351CC013B0}.Debug|x64.ActiveCfg = Debug|x64
		{E5E2BD79-1C18-4FA3-8DF7-75351CC013B0}.Debug|x64.Build.0 = Debug|x64
		{E5E2BD79-1C18-4FA3-8DF7-75351CC013B0}.Debug|x86.ActiveCfg = Debug|Win32
		{E5E2BD79-1C18-4FA3-8DF7-75351CC013B0}.Debug|x86.Build.0 = Debug|Win32
		{E5E2BD79-1C18-4FA3-8DF7-75351CC013B0}.Release|x64.ActiveCfg = Release|x64
		{E5E2BD79-1C18-4FA3-8DF7-75351CC013B0}.Release|x64.Build.0 = Release|x64
		{E5E2BD79-1C18-4FA3-8DF7-75351CC013B0}.Release|x86.ActiveCfg = Release|Win32
		{E5E2BD79-1C18-4FA3-8DF7-75351CC013B0}.Release|x86.Build.0 = Release|Win32
		{1FFDB798-E8C9-4828-8842-B6D3AD95B7EC}.Debug|x64.ActiveCfg = Debug|x64
		{1FFDB798-E8C9-4828-8842-B6D3AD95B7EC}.Debug|x64.Build.0 = Debug|x64
		{1FFDB798-E8C9-4828-8842-B6D3AD95B7EC}.Debug|x86.ActiveCfg = Debug|Win32
		{1FFDB798-E8C9-4828-8842-B6D3AD95B7EC}.Debug|x86.Build.0 = Debug|Win32
		{1FFDB798-E8C9-4828-8842-B6D3AD95B7EC}.Release|x64.ActiveCfg = Release|x64
		{1FFDB798-E8C9-4828-8842-B6D3AD95B7EC}.Release|x64.Build.0 = Release|x64
		{1FFDB798-E8C9-4828-8842-B6D3AD95B7EC}.Release|x86.ActiveCfg = Release|Win32
		{1FFDB798-E8C9-4828-8842-B6D3AD95B7EC}.Release|x86.Build.0 = Release|Win32
		{D8B72D7F-F2B2-4DA8-9562-BD5B3EA7F20C}.Debug|x64.ActiveCfg = Debug|x64
		{D8B72D7F-F2B2-4DA8-9562-BD5B3EA7F20C}.Debug|x64.Build.0 = Debug|x64
		{D8B72D7F-F2B2-4DA8-9562-BD5B3EA7F20C}.Debug|x86.ActiveCfg = Debug|Win32
		{D8B72D7F-F2B2-4DA8-9562-BD5B3EA7F20C}.Debug|x86.Build.0 = Debug|Win32
		{D8B72D7F-F2B2-4DA8-9562-BD5B3EA7F20C}.Release|x64.ActiveCfg = Release|x64
		{D8B72D7F-F2B2-4DA8-9562-BD5B3EA7F20C}.Release|x64.Build.0 = Release|x64
		{D8B72D7F-F2B2-4DA8-9562-BD5B3EA7F20C}.Release|x86.ActiveCfg = Release|Win32
		{D8B72D7F-F2B2-4DA8-9562-BD5B3EA7F20C}.Release|x86.Build.0 = Release|Win32
	EndGlobalSection
	GlobalSection(SolutionProperties) = preSolution
		HideSolutionNode = FALSE
	EndGlobalSection
	GlobalSection(ExtensibilityGlobals) = postSolution
		SolutionGuid = {3CCC7271-ED34-4A30-BBB3-31626CB32147}
	EndGlobalSection
EndGlobal
