
Microsoft Visual Studio Solution File, Format Version 12.00
# Visual Studio Version 16
VisualStudioVersion = 16.0.31624.102
MinimumVisualStudioVersion = 10.0.40219.1
Project("{8BC9CEB8-8B4A-11D0-8D11-00A0C91BC942}") = "Lab4--task1", "Lab4--task1\Lab4--task1.vcxproj", "{158D0B34-6DF8-4B46-84FA-C2E19A214992}"
EndProject
Project("{8BC9CEB8-8B4A-11D0-8D11-00A0C91BC942}") = "Lab4--task2", "Lab4--task2\Lab4--task2.vcxproj", "{B3614695-404C-47D2-AAEA-CCB0D339B49A}"
EndProject
Project("{8BC9CEB8-8B4A-11D0-8D11-00A0C91BC942}") = "Lab4--task3", "Lab4--task3\Lab4--task3.vcxproj", "{FFC63DEF-0663-4D8D-B2BF-F2F64E6258A8}"
EndProject
Project("{8BC9CEB8-8B4A-11D0-8D11-00A0C91BC942}") = "Lab4--task4", "Lab4--task4\Lab4--task4.vcxproj", "{DB4C48DF-BC1B-4C92-9A24-DF5B9A89315F}"
EndProject
Project("{8BC9CEB8-8B4A-11D0-8D11-00A0C91BC942}") = "Lab4--task5", "Lab4--task5\Lab4--task5.vcxproj", "{B7C140FF-AE91-45FD-92CB-663DB0C8D443}"
EndProject
Project("{8BC9CEB8-8B4A-11D0-8D11-00A0C91BC942}") = "Lab4--task6", "Lab4--task6\Lab4--task6.vcxproj", "{DE6F62E5-A36C-4F31-9554-5BA6D90FECC0}"
EndProject
Project("{8BC9CEB8-8B4A-11D0-8D11-00A0C91BC942}") = "Lab4--task7", "Lab4--task7\Lab4--task7.vcxproj", "{FAE1AFEE-0541-4BBF-99DC-B8CD37401C50}"
EndProject
Project("{8BC9CEB8-8B4A-11D0-8D11-00A0C91BC942}") = "Lab4--task8", "Lab4--task8\Lab4--task8.vcxproj", "{B49DE63D-6DFE-40D9-9E97-7ADA9457A451}"
EndProject
Project("{8BC9CEB8-8B4A-11D0-8D11-00A0C91BC942}") = "Lab4--task9", "Lab4--task9\Lab4--task9.vcxproj", "{EB3BD11F-A3F1-4AE1-8E7F-E0039537FE29}"
EndProject
Project("{8BC9CEB8-8B4A-11D0-8D11-00A0C91BC942}") = "Lab4--taskz10", "Lab4--taskz10\Lab4--taskz10.vcxproj", "{D7BFA334-06B6-42D9-836F-17509CA31F58}"
EndProject
Project("{8BC9CEB8-8B4A-11D0-8D11-00A0C91BC942}") = "Lab4--taskz11", "Lab4--taskz11\Lab4--taskz11.vcxproj", "{5F96A615-0AAF-4CAF-A8AE-6605805C6F9C}"
EndProject
Project("{8BC9CEB8-8B4A-11D0-8D11-00A0C91BC942}") = "Lab4--taskz12", "Lab4--taskz12\Lab4--taskz12.vcxproj", "{5947250B-D632-47BE-BB54-C69EF58738CF}"
EndProject
Project("{8BC9CEB8-8B4A-11D0-8D11-00A0C91BC942}") = "Lab4--taskz13", "Lab4--taskz13\Lab4--taskz13.vcxproj", "{3EBC4C89-8B1A-4E7E-9528-9153F365AB5E}"
EndProject
Project("{8BC9CEB8-8B4A-11D0-8D11-00A0C91BC942}") = "Lab4--taskz14", "Lab4--taskz14\Lab4--taskz14.vcxproj", "{07A48D4D-46C7-4C08-80D0-C6EAB7521345}"
EndProject
Project("{8BC9CEB8-8B4A-11D0-8D11-00A0C91BC942}") = "Lab4--taskz15", "Lab4--taskz15\Lab4--taskz15.vcxproj", "{935E8E31-7E96-418C-88EE-E4751CA1419B}"
EndProject
Global
	GlobalSection(SolutionConfigurationPlatforms) = preSolution
		Debug|x64 = Debug|x64
		Debug|x86 = Debug|x86
		Release|x64 = Release|x64
		Release|x86 = Release|x86
	EndGlobalSection
	GlobalSection(ProjectConfigurationPlatforms) = postSolution
		{158D0B34-6DF8-4B46-84FA-C2E19A214992}.Debug|x64.ActiveCfg = Debug|x64
		{158D0B34-6DF8-4B46-84FA-C2E19A214992}.Debug|x64.Build.0 = Debug|x64
		{158D0B34-6DF8-4B46-84FA-C2E19A214992}.Debug|x86.ActiveCfg = Debug|Win32
		{158D0B34-6DF8-4B46-84FA-C2E19A214992}.Debug|x86.Build.0 = Debug|Win32
		{158D0B34-6DF8-4B46-84FA-C2E19A214992}.Release|x64.ActiveCfg = Release|x64
		{158D0B34-6DF8-4B46-84FA-C2E19A214992}.Release|x64.Build.0 = Release|x64
		{158D0B34-6DF8-4B46-84FA-C2E19A214992}.Release|x86.ActiveCfg = Release|Win32
		{158D0B34-6DF8-4B46-84FA-C2E19A214992}.Release|x86.Build.0 = Release|Win32
		{B3614695-404C-47D2-AAEA-CCB0D339B49A}.Debug|x64.ActiveCfg = Debug|x64
		{B3614695-404C-47D2-AAEA-CCB0D339B49A}.Debug|x64.Build.0 = Debug|x64
		{B3614695-404C-47D2-AAEA-CCB0D339B49A}.Debug|x86.ActiveCfg = Debug|Win32
		{B3614695-404C-47D2-AAEA-CCB0D339B49A}.Debug|x86.Build.0 = Debug|Win32
		{B3614695-404C-47D2-AAEA-CCB0D339B49A}.Release|x64.ActiveCfg = Release|x64
		{B3614695-404C-47D2-AAEA-CCB0D339B49A}.Release|x64.Build.0 = Release|x64
		{B3614695-404C-47D2-AAEA-CCB0D339B49A}.Release|x86.ActiveCfg = Release|Win32
		{B3614695-404C-47D2-AAEA-CCB0D339B49A}.Release|x86.Build.0 = Release|Win32
		{FFC63DEF-0663-4D8D-B2BF-F2F64E6258A8}.Debug|x64.ActiveCfg = Debug|x64
		{FFC63DEF-0663-4D8D-B2BF-F2F64E6258A8}.Debug|x64.Build.0 = Debug|x64
		{FFC63DEF-0663-4D8D-B2BF-F2F64E6258A8}.Debug|x86.ActiveCfg = Debug|Win32
		{FFC63DEF-0663-4D8D-B2BF-F2F64E6258A8}.Debug|x86.Build.0 = Debug|Win32
		{FFC63DEF-0663-4D8D-B2BF-F2F64E6258A8}.Release|x64.ActiveCfg = Release|x64
		{FFC63DEF-0663-4D8D-B2BF-F2F64E6258A8}.Release|x64.Build.0 = Release|x64
		{FFC63DEF-0663-4D8D-B2BF-F2F64E6258A8}.Release|x86.ActiveCfg = Release|Win32
		{FFC63DEF-0663-4D8D-B2BF-F2F64E6258A8}.Release|x86.Build.0 = Release|Win32
		{DB4C48DF-BC1B-4C92-9A24-DF5B9A89315F}.Debug|x64.ActiveCfg = Debug|x64
		{DB4C48DF-BC1B-4C92-9A24-DF5B9A89315F}.Debug|x64.Build.0 = Debug|x64
		{DB4C48DF-BC1B-4C92-9A24-DF5B9A89315F}.Debug|x86.ActiveCfg = Debug|Win32
		{DB4C48DF-BC1B-4C92-9A24-DF5B9A89315F}.Debug|x86.Build.0 = Debug|Win32
		{DB4C48DF-BC1B-4C92-9A24-DF5B9A89315F}.Release|x64.ActiveCfg = Release|x64
		{DB4C48DF-BC1B-4C92-9A24-DF5B9A89315F}.Release|x64.Build.0 = Release|x64
		{DB4C48DF-BC1B-4C92-9A24-DF5B9A89315F}.Release|x86.ActiveCfg = Release|Win32
		{DB4C48DF-BC1B-4C92-9A24-DF5B9A89315F}.Release|x86.Build.0 = Release|Win32
		{B7C140FF-AE91-45FD-92CB-663DB0C8D443}.Debug|x64.ActiveCfg = Debug|x64
		{B7C140FF-AE91-45FD-92CB-663DB0C8D443}.Debug|x64.Build.0 = Debug|x64
		{B7C140FF-AE91-45FD-92CB-663DB0C8D443}.Debug|x86.ActiveCfg = Debug|Win32
		{B7C140FF-AE91-45FD-92CB-663DB0C8D443}.Debug|x86.Build.0 = Debug|Win32
		{B7C140FF-AE91-45FD-92CB-663DB0C8D443}.Release|x64.ActiveCfg = Release|x64
		{B7C140FF-AE91-45FD-92CB-663DB0C8D443}.Release|x64.Build.0 = Release|x64
		{B7C140FF-AE91-45FD-92CB-663DB0C8D443}.Release|x86.ActiveCfg = Release|Win32
		{B7C140FF-AE91-45FD-92CB-663DB0C8D443}.Release|x86.Build.0 = Release|Win32
		{DE6F62E5-A36C-4F31-9554-5BA6D90FECC0}.Debug|x64.ActiveCfg = Debug|x64
		{DE6F62E5-A36C-4F31-9554-5BA6D90FECC0}.Debug|x64.Build.0 = Debug|x64
		{DE6F62E5-A36C-4F31-9554-5BA6D90FECC0}.Debug|x86.ActiveCfg = Debug|Win32
		{DE6F62E5-A36C-4F31-9554-5BA6D90FECC0}.Debug|x86.Build.0 = Debug|Win32
		{DE6F62E5-A36C-4F31-9554-5BA6D90FECC0}.Release|x64.ActiveCfg = Release|x64
		{DE6F62E5-A36C-4F31-9554-5BA6D90FECC0}.Release|x64.Build.0 = Release|x64
		{DE6F62E5-A36C-4F31-9554-5BA6D90FECC0}.Release|x86.ActiveCfg = Release|Win32
		{DE6F62E5-A36C-4F31-9554-5BA6D90FECC0}.Release|x86.Build.0 = Release|Win32
		{FAE1AFEE-0541-4BBF-99DC-B8CD37401C50}.Debug|x64.ActiveCfg = Debug|x64
		{FAE1AFEE-0541-4BBF-99DC-B8CD37401C50}.Debug|x64.Build.0 = Debug|x64
		{FAE1AFEE-0541-4BBF-99DC-B8CD37401C50}.Debug|x86.ActiveCfg = Debug|Win32
		{FAE1AFEE-0541-4BBF-99DC-B8CD37401C50}.Debug|x86.Build.0 = Debug|Win32
		{FAE1AFEE-0541-4BBF-99DC-B8CD37401C50}.Release|x64.ActiveCfg = Release|x64
		{FAE1AFEE-0541-4BBF-99DC-B8CD37401C50}.Release|x64.Build.0 = Release|x64
		{FAE1AFEE-0541-4BBF-99DC-B8CD37401C50}.Release|x86.ActiveCfg = Release|Win32
		{FAE1AFEE-0541-4BBF-99DC-B8CD37401C50}.Release|x86.Build.0 = Release|Win32
		{B49DE63D-6DFE-40D9-9E97-7ADA9457A451}.Debug|x64.ActiveCfg = Debug|x64
		{B49DE63D-6DFE-40D9-9E97-7ADA9457A451}.Debug|x64.Build.0 = Debug|x64
		{B49DE63D-6DFE-40D9-9E97-7ADA9457A451}.Debug|x86.ActiveCfg = Debug|Win32
		{B49DE63D-6DFE-40D9-9E97-7ADA9457A451}.Debug|x86.Build.0 = Debug|Win32
		{B49DE63D-6DFE-40D9-9E97-7ADA9457A451}.Release|x64.ActiveCfg = Release|x64
		{B49DE63D-6DFE-40D9-9E97-7ADA9457A451}.Release|x64.Build.0 = Release|x64
		{B49DE63D-6DFE-40D9-9E97-7ADA9457A451}.Release|x86.ActiveCfg = Release|Win32
		{B49DE63D-6DFE-40D9-9E97-7ADA9457A451}.Release|x86.Build.0 = Release|Win32
		{EB3BD11F-A3F1-4AE1-8E7F-E0039537FE29}.Debug|x64.ActiveCfg = Debug|x64
		{EB3BD11F-A3F1-4AE1-8E7F-E0039537FE29}.Debug|x64.Build.0 = Debug|x64
		{EB3BD11F-A3F1-4AE1-8E7F-E0039537FE29}.Debug|x86.ActiveCfg = Debug|Win32
		{EB3BD11F-A3F1-4AE1-8E7F-E0039537FE29}.Debug|x86.Build.0 = Debug|Win32
		{EB3BD11F-A3F1-4AE1-8E7F-E0039537FE29}.Release|x64.ActiveCfg = Release|x64
		{EB3BD11F-A3F1-4AE1-8E7F-E0039537FE29}.Release|x64.Build.0 = Release|x64
		{EB3BD11F-A3F1-4AE1-8E7F-E0039537FE29}.Release|x86.ActiveCfg = Release|Win32
		{EB3BD11F-A3F1-4AE1-8E7F-E0039537FE29}.Release|x86.Build.0 = Release|Win32
		{D7BFA334-06B6-42D9-836F-17509CA31F58}.Debug|x64.ActiveCfg = Debug|x64
		{D7BFA334-06B6-42D9-836F-17509CA31F58}.Debug|x64.Build.0 = Debug|x64
		{D7BFA334-06B6-42D9-836F-17509CA31F58}.Debug|x86.ActiveCfg = Debug|Win32
		{D7BFA334-06B6-42D9-836F-17509CA31F58}.Debug|x86.Build.0 = Debug|Win32
		{D7BFA334-06B6-42D9-836F-17509CA31F58}.Release|x64.ActiveCfg = Release|x64
		{D7BFA334-06B6-42D9-836F-17509CA31F58}.Release|x64.Build.0 = Release|x64
		{D7BFA334-06B6-42D9-836F-17509CA31F58}.Release|x86.ActiveCfg = Release|Win32
		{D7BFA334-06B6-42D9-836F-17509CA31F58}.Release|x86.Build.0 = Release|Win32
		{5F96A615-0AAF-4CAF-A8AE-6605805C6F9C}.Debug|x64.ActiveCfg = Debug|x64
		{5F96A615-0AAF-4CAF-A8AE-6605805C6F9C}.Debug|x64.Build.0 = Debug|x64
		{5F96A615-0AAF-4CAF-A8AE-6605805C6F9C}.Debug|x86.ActiveCfg = Debug|Win32
		{5F96A615-0AAF-4CAF-A8AE-6605805C6F9C}.Debug|x86.Build.0 = Debug|Win32
		{5F96A615-0AAF-4CAF-A8AE-6605805C6F9C}.Release|x64.ActiveCfg = Release|x64
		{5F96A615-0AAF-4CAF-A8AE-6605805C6F9C}.Release|x64.Build.0 = Release|x64
		{5F96A615-0AAF-4CAF-A8AE-6605805C6F9C}.Release|x86.ActiveCfg = Release|Win32
		{5F96A615-0AAF-4CAF-A8AE-6605805C6F9C}.Release|x86.Build.0 = Release|Win32
		{5947250B-D632-47BE-BB54-C69EF58738CF}.Debug|x64.ActiveCfg = Debug|x64
		{5947250B-D632-47BE-BB54-C69EF58738CF}.Debug|x64.Build.0 = Debug|x64
		{5947250B-D632-47BE-BB54-C69EF58738CF}.Debug|x86.ActiveCfg = Debug|Win32
		{5947250B-D632-47BE-BB54-C69EF58738CF}.Debug|x86.Build.0 = Debug|Win32
		{5947250B-D632-47BE-BB54-C69EF58738CF}.Release|x64.ActiveCfg = Release|x64
		{5947250B-D632-47BE-BB54-C69EF58738CF}.Release|x64.Build.0 = Release|x64
		{5947250B-D632-47BE-BB54-C69EF58738CF}.Release|x86.ActiveCfg = Release|Win32
		{5947250B-D632-47BE-BB54-C69EF58738CF}.Release|x86.Build.0 = Release|Win32
		{3EBC4C89-8B1A-4E7E-9528-9153F365AB5E}.Debug|x64.ActiveCfg = Debug|x64
		{3EBC4C89-8B1A-4E7E-9528-9153F365AB5E}.Debug|x64.Build.0 = Debug|x64
		{3EBC4C89-8B1A-4E7E-9528-9153F365AB5E}.Debug|x86.ActiveCfg = Debug|Win32
		{3EBC4C89-8B1A-4E7E-9528-9153F365AB5E}.Debug|x86.Build.0 = Debug|Win32
		{3EBC4C89-8B1A-4E7E-9528-9153F365AB5E}.Release|x64.ActiveCfg = Release|x64
		{3EBC4C89-8B1A-4E7E-9528-9153F365AB5E}.Release|x64.Build.0 = Release|x64
		{3EBC4C89-8B1A-4E7E-9528-9153F365AB5E}.Release|x86.ActiveCfg = Release|Win32
		{3EBC4C89-8B1A-4E7E-9528-9153F365AB5E}.Release|x86.Build.0 = Release|Win32
		{07A48D4D-46C7-4C08-80D0-C6EAB7521345}.Debug|x64.ActiveCfg = Debug|x64
		{07A48D4D-46C7-4C08-80D0-C6EAB7521345}.Debug|x64.Build.0 = Debug|x64
		{07A48D4D-46C7-4C08-80D0-C6EAB7521345}.Debug|x86.ActiveCfg = Debug|Win32
		{07A48D4D-46C7-4C08-80D0-C6EAB7521345}.Debug|x86.Build.0 = Debug|Win32
		{07A48D4D-46C7-4C08-80D0-C6EAB7521345}.Release|x64.ActiveCfg = Release|x64
		{07A48D4D-46C7-4C08-80D0-C6EAB7521345}.Release|x64.Build.0 = Release|x64
		{07A48D4D-46C7-4C08-80D0-C6EAB7521345}.Release|x86.ActiveCfg = Release|Win32
		{07A48D4D-46C7-4C08-80D0-C6EAB7521345}.Release|x86.Build.0 = Release|Win32
		{935E8E31-7E96-418C-88EE-E4751CA1419B}.Debug|x64.ActiveCfg = Debug|x64
		{935E8E31-7E96-418C-88EE-E4751CA1419B}.Debug|x64.Build.0 = Debug|x64
		{935E8E31-7E96-418C-88EE-E4751CA1419B}.Debug|x86.ActiveCfg = Debug|Win32
		{935E8E31-7E96-418C-88EE-E4751CA1419B}.Debug|x86.Build.0 = Debug|Win32
		{935E8E31-7E96-418C-88EE-E4751CA1419B}.Release|x64.ActiveCfg = Release|x64
		{935E8E31-7E96-418C-88EE-E4751CA1419B}.Release|x64.Build.0 = Release|x64
		{935E8E31-7E96-418C-88EE-E4751CA1419B}.Release|x86.ActiveCfg = Release|Win32
		{935E8E31-7E96-418C-88EE-E4751CA1419B}.Release|x86.Build.0 = Release|Win32
	EndGlobalSection
	GlobalSection(SolutionProperties) = preSolution
		HideSolutionNode = FALSE
	EndGlobalSection
	GlobalSection(ExtensibilityGlobals) = postSolution
		SolutionGuid = {8F0C9CF1-22C6-4348-8454-8CA15D2F81F6}
	EndGlobalSection
EndGlobal
