<?xml version="1.0" encoding="utf-8"?>
<Project ToolsVersion="4.0" xmlns="http://schemas.microsoft.com/developer/msbuild/2003">
  <ItemGroup>
    <Filter Include="Source Files">
      <UniqueIdentifier>{4FC737F1-C7A5-4376-A066-2A32D752A2FF}</UniqueIdentifier>
      <Extensions>cpp;c;cc;cxx;c++;cppm;ixx;def;odl;idl;hpj;bat;asm;asmx</Extensions>
    </Filter>
    <Filter Include="Header Files">
      <UniqueIdentifier>{93995380-89BD-4b04-88EB-625FBE52EBFB}</UniqueIdentifier>
      <Extensions>h;hh;hpp;hxx;h++;hm;inl;inc;ipp;xsd</Extensions>
    </Filter>
    <Filter Include="Resource Files">
      <UniqueIdentifier>{67DA6AB6-F800-4c08-8B7A-83BB121AAD01}</UniqueIdentifier>
      <Extensions>rc;ico;cur;bmp;dlg;rc2;rct;bin;rgs;gif;jpg;jpeg;jpe;resx;tiff;tif;png;wav;mfcribbon-ms</Extensions>
    </Filter>
  </ItemGroup>
  <ItemGroup>
    <ClCompile Include="main.cpp">
      <Filter>Source Files</Filter>
    </ClCompile>
    <ClCompile Include="scan-printEquipment.cpp">
      <Filter>Source Files</Filter>
    </ClCompile>
    <ClCompile Include="addEquipment.cpp">
      <Filter>Source Files</Filter>
    </ClCompile>
    <ClCompile Include="availabilityInStorage.cpp">
      <Filter>Source Files</Filter>
    </ClCompile>
    <ClCompile Include="editEquipment.cpp">
      <Filter>Source Files</Filter>
    </ClCompile>
    <ClCompile Include="deleteEquipment.cpp">
      <Filter>Source Files</Filter>
    </ClCompile>
    <ClCompile Include="sortEquipment.cpp">
      <Filter>Source Files</Filter>
    </ClCompile>
    <ClCompile Include="swapEquipment.cpp">
      <Filter>Source Files</Filter>
    </ClCompile>
    <ClCompile Include="Validation.cpp">
      <Filter>Source Files</Filter>
    </ClCompile>
    <ClCompile Include="daysInMonth.cpp">
      <Filter>Source Files</Filter>
    </ClCompile>
    <ClCompile Include="partNameCheck.cpp">
      <Filter>Source Files</Filter>
    </ClCompile>
    <ClCompile Include="complexSort.cpp">
      <Filter>Source Files</Filter>
    </ClCompile>
  </ItemGroup>
  <ItemGroup>
    <ClInclude Include="EquipmentType.h">
      <Filter>Header Files</Filter>
    </ClInclude>
    <ClInclude Include="scan-printEquipment.h">
      <Filter>Header Files</Filter>
    </ClInclude>
    <ClInclude Include="availabilityInSorage.h">
      <Filter>Header Files</Filter>
    </ClInclude>
    <ClInclude Include="addEquipment.h">
      <Filter>Header Files</Filter>
    </ClInclude>
    <ClInclude Include="editEquipment.h">
      <Filter>Header Files</Filter>
    </ClInclude>
    <ClInclude Include="deleteEquipment.h">
      <Filter>Header Files</Filter>
    </ClInclude>
    <ClInclude Include="sortEquipment.h">
      <Filter>Header Files</Filter>
    </ClInclude>
    <ClInclude Include="swapEquipment.h">
      <Filter>Header Files</Filter>
    </ClInclude>
    <ClInclude Include="Validation.h">
      <Filter>Header Files</Filter>
    </ClInclude>
    <ClInclude Include="daysInMonth.h">
      <Filter>Header Files</Filter>
    </ClInclude>
    <ClInclude Include="partNameCheck.h">
      <Filter>Header Files</Filter>
    </ClInclude>
    <ClInclude Include="Lab3.h">
      <Filter>Header Files</Filter>
    </ClInclude>
    <ClInclude Include="complexSort.h">
      <Filter>Header Files</Filter>
    </ClInclude>
  </ItemGroup>
</Project>